
Microsoft Visual Studio Solution File, Format Version 12.00
# Visual Studio Version 16
VisualStudioVersion = 16.0.33529.622
MinimumVisualStudioVersion = 10.0.40219.1
Project("{FAE04EC0-301F-11D3-BF4B-00C04F79EFBC}") = "Simple_Text_List_Overlay", "Simple_Text_List_Overlay\Simple_Text_List_Overlay.csproj", "{3062DFFC-E8FA-4E51-B0BD-F25CCD80771D}"
EndProject
Global
	GlobalSection(SolutionConfigurationPlatforms) = preSolution
		Debug|Any CPU = Debug|Any CPU
		Release|Any CPU = Release|Any CPU
	EndGlobalSection
	GlobalSection(ProjectConfigurationPlatforms) = postSolution
		{3062DFFC-E8FA-4E51-B0BD-F25CCD80771D}.Debug|Any CPU.ActiveCfg = Release|Any CPU
		{3062DFFC-E8FA-4E51-B0BD-F25CCD80771D}.Debug|Any CPU.Build.0 = Release|Any CPU
		{3062DFFC-E8FA-4E51-B0BD-F25CCD80771D}.Release|Any CPU.ActiveCfg = Release|Any CPU
		{3062DFFC-E8FA-4E51-B0BD-F25CCD80771D}.Release|Any CPU.Build.0 = Release|Any CPU
	EndGlobalSection
	GlobalSection(SolutionProperties) = preSolution
		HideSolutionNode = FALSE
	EndGlobalSection
	GlobalSection(ExtensibilityGlobals) = postSolution
		SolutionGuid = {E6CB7C78-3369-40C0-BEE6-72304CF05C41}
	EndGlobalSection
EndGlobal
